// !$*UTF8*$!
{
	archiveVersion = 1;
	classes = {
	};
	objectVersion = 52;
	objects = {

/* Begin PBXBuildFile section */
		3719E96E3B3BC022677ABBE2 /* Pods_silofitTests.framework in Frameworks */ = {isa = PBXBuildFile; fileRef = F037964DA48AEFDA3B2BAF7C /* Pods_silofitTests.framework */; };
		970EB20A2452131400AB4940 /* AuthenticationViewController.swift in Sources */ = {isa = PBXBuildFile; fileRef = 970EB2092452131400AB4940 /* AuthenticationViewController.swift */; };
		970EB20C245213A900AB4940 /* StyledTextField.swift in Sources */ = {isa = PBXBuildFile; fileRef = 970EB20B245213A900AB4940 /* StyledTextField.swift */; };
		97DCED5924524CE300706A91 /* SpacePointAnnotation.swift in Sources */ = {isa = PBXBuildFile; fileRef = 97DCED5824524CE300706A91 /* SpacePointAnnotation.swift */; };
		97DCED5B245313FF00706A91 /* SpaceListViewController.swift in Sources */ = {isa = PBXBuildFile; fileRef = 97DCED5A245313FF00706A91 /* SpaceListViewController.swift */; };
		97DCED5E245315F300706A91 /* SpaceListViewModel.swift in Sources */ = {isa = PBXBuildFile; fileRef = 97DCED5D245315F300706A91 /* SpaceListViewModel.swift */; };
		97DCED602453214600706A91 /* SpaceListCell.swift in Sources */ = {isa = PBXBuildFile; fileRef = 97DCED5F2453214600706A91 /* SpaceListCell.swift */; };
		97DCED622453222400706A91 /* StyleFont.swift in Sources */ = {isa = PBXBuildFile; fileRef = 97DCED612453222400706A91 /* StyleFont.swift */; };
		97DCED662453247000706A91 /* TextColor.swift in Sources */ = {isa = PBXBuildFile; fileRef = 97DCED652453247000706A91 /* TextColor.swift */; };
		97DCED69245324DD00706A91 /* UIColor+Style.swift in Sources */ = {isa = PBXBuildFile; fileRef = 97DCED68245324DD00706A91 /* UIColor+Style.swift */; };
		97DCED6B24532B9300706A91 /* ReusableView.swift in Sources */ = {isa = PBXBuildFile; fileRef = 97DCED6A24532B9300706A91 /* ReusableView.swift */; };
		97DCED6E24534E2A00706A91 /* SDWebImage in Frameworks */ = {isa = PBXBuildFile; productRef = 97DCED6D24534E2A00706A91 /* SDWebImage */; };
		97DCED7024534E5200706A91 /* UIImageView+ImageLoading.swift in Sources */ = {isa = PBXBuildFile; fileRef = 97DCED6F24534E5200706A91 /* UIImageView+ImageLoading.swift */; };
		97DCED73245393B800706A91 /* CodableFirebase in Frameworks */ = {isa = PBXBuildFile; productRef = 97DCED72245393B800706A91 /* CodableFirebase */; };
		97E2AB0424508D4600A3EC25 /* AppDelegate.swift in Sources */ = {isa = PBXBuildFile; fileRef = 97E2AB0324508D4600A3EC25 /* AppDelegate.swift */; };
		97E2AB0824508D4600A3EC25 /* AuthOptionsViewController.swift in Sources */ = {isa = PBXBuildFile; fileRef = 97E2AB0724508D4600A3EC25 /* AuthOptionsViewController.swift */; };
		97E2AB0D24508D4E00A3EC25 /* Assets.xcassets in Resources */ = {isa = PBXBuildFile; fileRef = 97E2AB0C24508D4E00A3EC25 /* Assets.xcassets */; };
		97E2AB1024508D4E00A3EC25 /* LaunchScreen.storyboard in Resources */ = {isa = PBXBuildFile; fileRef = 97E2AB0E24508D4E00A3EC25 /* LaunchScreen.storyboard */; };
		97E2AB1B24508D4E00A3EC25 /* silofitTests.swift in Sources */ = {isa = PBXBuildFile; fileRef = 97E2AB1A24508D4E00A3EC25 /* silofitTests.swift */; };
		97E2AB2B245091B700A3EC25 /* BaseViewController.swift in Sources */ = {isa = PBXBuildFile; fileRef = 97E2AB2A245091B700A3EC25 /* BaseViewController.swift */; };
		97E2AB2F245094B000A3EC25 /* Style.swift in Sources */ = {isa = PBXBuildFile; fileRef = 97E2AB2E245094B000A3EC25 /* Style.swift */; };
		97E2AB312450993F00A3EC25 /* StyledButton.swift in Sources */ = {isa = PBXBuildFile; fileRef = 97E2AB302450993F00A3EC25 /* StyledButton.swift */; };
		97E2AB3324509B2500A3EC25 /* Colors.xcassets in Resources */ = {isa = PBXBuildFile; fileRef = 97E2AB3224509B2500A3EC25 /* Colors.xcassets */; };
		97E2AB3524509BAB00A3EC25 /* StyleColor.swift in Sources */ = {isa = PBXBuildFile; fileRef = 97E2AB3424509BAB00A3EC25 /* StyleColor.swift */; };
		97E2AB392450B88900A3EC25 /* FirebaseAuthService.swift in Sources */ = {isa = PBXBuildFile; fileRef = 97E2AB382450B88900A3EC25 /* FirebaseAuthService.swift */; };
		97E2AB3B2450B8F700A3EC25 /* MapViewController.swift in Sources */ = {isa = PBXBuildFile; fileRef = 97E2AB3A2450B8F700A3EC25 /* MapViewController.swift */; };
		97E2AB3D2450C2E300A3EC25 /* StyledNavigationController.swift in Sources */ = {isa = PBXBuildFile; fileRef = 97E2AB3C2450C2E300A3EC25 /* StyledNavigationController.swift */; };
		97E2AB3F2450D14F00A3EC25 /* GoogleService-Info.plist in Resources */ = {isa = PBXBuildFile; fileRef = 97E2AB3E2450D14F00A3EC25 /* GoogleService-Info.plist */; };
		97E2AB412450DBDF00A3EC25 /* Space.swift in Sources */ = {isa = PBXBuildFile; fileRef = 97E2AB402450DBDF00A3EC25 /* Space.swift */; };
		97E2AB43245113F700A3EC25 /* Amenity.swift in Sources */ = {isa = PBXBuildFile; fileRef = 97E2AB42245113F700A3EC25 /* Amenity.swift */; };
		97E2AB452451142300A3EC25 /* Equipment.swift in Sources */ = {isa = PBXBuildFile; fileRef = 97E2AB442451142300A3EC25 /* Equipment.swift */; };
		97E2AB482451148900A3EC25 /* CaseDefaultCodable.swift in Sources */ = {isa = PBXBuildFile; fileRef = 97E2AB462451148900A3EC25 /* CaseDefaultCodable.swift */; };
		97E2AB492451148900A3EC25 /* Identifiable.swift in Sources */ = {isa = PBXBuildFile; fileRef = 97E2AB472451148900A3EC25 /* Identifiable.swift */; };
		97E2AB4B2451176800A3EC25 /* FirebaseSpaceService.swift in Sources */ = {isa = PBXBuildFile; fileRef = 97E2AB4A2451176800A3EC25 /* FirebaseSpaceService.swift */; };
		97E2AB4E2451C34900A3EC25 /* MapViewController+MKMapViewDelegate.swift in Sources */ = {isa = PBXBuildFile; fileRef = 97E2AB4D2451C34900A3EC25 /* MapViewController+MKMapViewDelegate.swift */; };
		97E2AB502451C36200A3EC25 /* MapViewModel.swift in Sources */ = {isa = PBXBuildFile; fileRef = 97E2AB4F2451C36200A3EC25 /* MapViewModel.swift */; };
		97E2AB522451C7B500A3EC25 /* ViewModelValidation.swift in Sources */ = {isa = PBXBuildFile; fileRef = 97E2AB512451C7B500A3EC25 /* ViewModelValidation.swift */; };
		B414940B245A084200573034 /* AppInfoUtility.swift in Sources */ = {isa = PBXBuildFile; fileRef = B414940A245A084200573034 /* AppInfoUtility.swift */; };
		B47718D22459BA2800550671 /* AuthenticationViewModel.swift in Sources */ = {isa = PBXBuildFile; fileRef = B47718D12459BA2800550671 /* AuthenticationViewModel.swift */; };
		B47718D72459BAE800550671 /* AuthService.swift in Sources */ = {isa = PBXBuildFile; fileRef = B47718D62459BAE800550671 /* AuthService.swift */; };
		B47718D92459BC1900550671 /* String+Auth.swift in Sources */ = {isa = PBXBuildFile; fileRef = B47718D82459BC1900550671 /* String+Auth.swift */; };
		B48A125A2459C4420036AA88 /* SpaceService.swift in Sources */ = {isa = PBXBuildFile; fileRef = B48A12592459C4420036AA88 /* SpaceService.swift */; };
		B48E84BD245866A70001BFCE /* GalleryViewController.swift in Sources */ = {isa = PBXBuildFile; fileRef = B48E84BC245866A70001BFCE /* GalleryViewController.swift */; };
		B48E84BF245867E30001BFCE /* GalleryImageCell.swift in Sources */ = {isa = PBXBuildFile; fileRef = B48E84BE245867E30001BFCE /* GalleryImageCell.swift */; };
		B48E84C124586C3B0001BFCE /* GalleryViewModel.swift in Sources */ = {isa = PBXBuildFile; fileRef = B48E84C024586C3B0001BFCE /* GalleryViewModel.swift */; };
		C520B7D72292AC9C3A010C12 /* Pods_silofit.framework in Frameworks */ = {isa = PBXBuildFile; fileRef = 6920EE4F7F70776CD1360AC1 /* Pods_silofit.framework */; };
/* End PBXBuildFile section */

/* Begin PBXContainerItemProxy section */
		97E2AB1724508D4E00A3EC25 /* PBXContainerItemProxy */ = {
			isa = PBXContainerItemProxy;
			containerPortal = 97E2AAF824508D4600A3EC25 /* Project object */;
			proxyType = 1;
			remoteGlobalIDString = 97E2AAFF24508D4600A3EC25;
			remoteInfo = silofit;
		};
/* End PBXContainerItemProxy section */

/* Begin PBXFileReference section */
		5D9E2AD0738BD31A871E597A /* Pods-silofitTests.debug.xcconfig */ = {isa = PBXFileReference; includeInIndex = 1; lastKnownFileType = text.xcconfig; name = "Pods-silofitTests.debug.xcconfig"; path = "Target Support Files/Pods-silofitTests/Pods-silofitTests.debug.xcconfig"; sourceTree = "<group>"; };
		6920EE4F7F70776CD1360AC1 /* Pods_silofit.framework */ = {isa = PBXFileReference; explicitFileType = wrapper.framework; includeInIndex = 0; path = Pods_silofit.framework; sourceTree = BUILT_PRODUCTS_DIR; };
		8C6548E19E8DFEF7665C3DC4 /* Pods-silofit.release.xcconfig */ = {isa = PBXFileReference; includeInIndex = 1; lastKnownFileType = text.xcconfig; name = "Pods-silofit.release.xcconfig"; path = "Target Support Files/Pods-silofit/Pods-silofit.release.xcconfig"; sourceTree = "<group>"; };
		970EB2092452131400AB4940 /* AuthenticationViewController.swift */ = {isa = PBXFileReference; lastKnownFileType = sourcecode.swift; path = AuthenticationViewController.swift; sourceTree = "<group>"; };
		970EB20B245213A900AB4940 /* StyledTextField.swift */ = {isa = PBXFileReference; lastKnownFileType = sourcecode.swift; path = StyledTextField.swift; sourceTree = "<group>"; };
		97DCED5824524CE300706A91 /* SpacePointAnnotation.swift */ = {isa = PBXFileReference; lastKnownFileType = sourcecode.swift; path = SpacePointAnnotation.swift; sourceTree = "<group>"; };
		97DCED5A245313FF00706A91 /* SpaceListViewController.swift */ = {isa = PBXFileReference; lastKnownFileType = sourcecode.swift; path = SpaceListViewController.swift; sourceTree = "<group>"; };
		97DCED5D245315F300706A91 /* SpaceListViewModel.swift */ = {isa = PBXFileReference; lastKnownFileType = sourcecode.swift; path = SpaceListViewModel.swift; sourceTree = "<group>"; };
		97DCED5F2453214600706A91 /* SpaceListCell.swift */ = {isa = PBXFileReference; lastKnownFileType = sourcecode.swift; path = SpaceListCell.swift; sourceTree = "<group>"; };
		97DCED612453222400706A91 /* StyleFont.swift */ = {isa = PBXFileReference; lastKnownFileType = sourcecode.swift; path = StyleFont.swift; sourceTree = "<group>"; };
		97DCED652453247000706A91 /* TextColor.swift */ = {isa = PBXFileReference; lastKnownFileType = sourcecode.swift; path = TextColor.swift; sourceTree = "<group>"; };
		97DCED68245324DD00706A91 /* UIColor+Style.swift */ = {isa = PBXFileReference; lastKnownFileType = sourcecode.swift; path = "UIColor+Style.swift"; sourceTree = "<group>"; };
		97DCED6A24532B9300706A91 /* ReusableView.swift */ = {isa = PBXFileReference; lastKnownFileType = sourcecode.swift; path = ReusableView.swift; sourceTree = "<group>"; };
		97DCED6F24534E5200706A91 /* UIImageView+ImageLoading.swift */ = {isa = PBXFileReference; lastKnownFileType = sourcecode.swift; path = "UIImageView+ImageLoading.swift"; sourceTree = "<group>"; };
		97E2AB0024508D4600A3EC25 /* Silofit.app */ = {isa = PBXFileReference; explicitFileType = wrapper.application; includeInIndex = 0; path = Silofit.app; sourceTree = BUILT_PRODUCTS_DIR; };
		97E2AB0324508D4600A3EC25 /* AppDelegate.swift */ = {isa = PBXFileReference; lastKnownFileType = sourcecode.swift; path = AppDelegate.swift; sourceTree = "<group>"; };
		97E2AB0724508D4600A3EC25 /* AuthOptionsViewController.swift */ = {isa = PBXFileReference; lastKnownFileType = sourcecode.swift; path = AuthOptionsViewController.swift; sourceTree = "<group>"; };
		97E2AB0C24508D4E00A3EC25 /* Assets.xcassets */ = {isa = PBXFileReference; lastKnownFileType = folder.assetcatalog; path = Assets.xcassets; sourceTree = "<group>"; };
		97E2AB0F24508D4E00A3EC25 /* Base */ = {isa = PBXFileReference; lastKnownFileType = file.storyboard; name = Base; path = Base.lproj/LaunchScreen.storyboard; sourceTree = "<group>"; };
		97E2AB1124508D4E00A3EC25 /* Info.plist */ = {isa = PBXFileReference; lastKnownFileType = text.plist.xml; path = Info.plist; sourceTree = "<group>"; };
		97E2AB1624508D4E00A3EC25 /* silofitTests.xctest */ = {isa = PBXFileReference; explicitFileType = wrapper.cfbundle; includeInIndex = 0; path = silofitTests.xctest; sourceTree = BUILT_PRODUCTS_DIR; };
		97E2AB1A24508D4E00A3EC25 /* silofitTests.swift */ = {isa = PBXFileReference; lastKnownFileType = sourcecode.swift; path = silofitTests.swift; sourceTree = "<group>"; };
		97E2AB1C24508D4E00A3EC25 /* Info.plist */ = {isa = PBXFileReference; lastKnownFileType = text.plist.xml; path = Info.plist; sourceTree = "<group>"; };
		97E2AB2A245091B700A3EC25 /* BaseViewController.swift */ = {isa = PBXFileReference; lastKnownFileType = sourcecode.swift; path = BaseViewController.swift; sourceTree = "<group>"; };
		97E2AB2E245094B000A3EC25 /* Style.swift */ = {isa = PBXFileReference; lastKnownFileType = sourcecode.swift; path = Style.swift; sourceTree = "<group>"; };
		97E2AB302450993F00A3EC25 /* StyledButton.swift */ = {isa = PBXFileReference; lastKnownFileType = sourcecode.swift; path = StyledButton.swift; sourceTree = "<group>"; };
		97E2AB3224509B2500A3EC25 /* Colors.xcassets */ = {isa = PBXFileReference; lastKnownFileType = folder.assetcatalog; path = Colors.xcassets; sourceTree = "<group>"; };
		97E2AB3424509BAB00A3EC25 /* StyleColor.swift */ = {isa = PBXFileReference; lastKnownFileType = sourcecode.swift; path = StyleColor.swift; sourceTree = "<group>"; };
		97E2AB382450B88900A3EC25 /* FirebaseAuthService.swift */ = {isa = PBXFileReference; lastKnownFileType = sourcecode.swift; path = FirebaseAuthService.swift; sourceTree = "<group>"; };
		97E2AB3A2450B8F700A3EC25 /* MapViewController.swift */ = {isa = PBXFileReference; lastKnownFileType = sourcecode.swift; path = MapViewController.swift; sourceTree = "<group>"; };
		97E2AB3C2450C2E300A3EC25 /* StyledNavigationController.swift */ = {isa = PBXFileReference; lastKnownFileType = sourcecode.swift; path = StyledNavigationController.swift; sourceTree = "<group>"; };
		97E2AB3E2450D14F00A3EC25 /* GoogleService-Info.plist */ = {isa = PBXFileReference; fileEncoding = 4; lastKnownFileType = text.plist.xml; path = "GoogleService-Info.plist"; sourceTree = "<group>"; };
		97E2AB402450DBDF00A3EC25 /* Space.swift */ = {isa = PBXFileReference; lastKnownFileType = sourcecode.swift; path = Space.swift; sourceTree = "<group>"; };
		97E2AB42245113F700A3EC25 /* Amenity.swift */ = {isa = PBXFileReference; lastKnownFileType = sourcecode.swift; path = Amenity.swift; sourceTree = "<group>"; };
		97E2AB442451142300A3EC25 /* Equipment.swift */ = {isa = PBXFileReference; lastKnownFileType = sourcecode.swift; path = Equipment.swift; sourceTree = "<group>"; };
		97E2AB462451148900A3EC25 /* CaseDefaultCodable.swift */ = {isa = PBXFileReference; fileEncoding = 4; lastKnownFileType = sourcecode.swift; path = CaseDefaultCodable.swift; sourceTree = "<group>"; };
		97E2AB472451148900A3EC25 /* Identifiable.swift */ = {isa = PBXFileReference; fileEncoding = 4; lastKnownFileType = sourcecode.swift; path = Identifiable.swift; sourceTree = "<group>"; };
		97E2AB4A2451176800A3EC25 /* FirebaseSpaceService.swift */ = {isa = PBXFileReference; lastKnownFileType = sourcecode.swift; path = FirebaseSpaceService.swift; sourceTree = "<group>"; };
		97E2AB4D2451C34900A3EC25 /* MapViewController+MKMapViewDelegate.swift */ = {isa = PBXFileReference; lastKnownFileType = sourcecode.swift; path = "MapViewController+MKMapViewDelegate.swift"; sourceTree = "<group>"; };
		97E2AB4F2451C36200A3EC25 /* MapViewModel.swift */ = {isa = PBXFileReference; lastKnownFileType = sourcecode.swift; path = MapViewModel.swift; sourceTree = "<group>"; };
		97E2AB512451C7B500A3EC25 /* ViewModelValidation.swift */ = {isa = PBXFileReference; lastKnownFileType = sourcecode.swift; path = ViewModelValidation.swift; sourceTree = "<group>"; };
		B414940A245A084200573034 /* AppInfoUtility.swift */ = {isa = PBXFileReference; lastKnownFileType = sourcecode.swift; path = AppInfoUtility.swift; sourceTree = "<group>"; };
		B47718D12459BA2800550671 /* AuthenticationViewModel.swift */ = {isa = PBXFileReference; lastKnownFileType = sourcecode.swift; path = AuthenticationViewModel.swift; sourceTree = "<group>"; };
		B47718D62459BAE800550671 /* AuthService.swift */ = {isa = PBXFileReference; lastKnownFileType = sourcecode.swift; path = AuthService.swift; sourceTree = "<group>"; };
		B47718D82459BC1900550671 /* String+Auth.swift */ = {isa = PBXFileReference; lastKnownFileType = sourcecode.swift; path = "String+Auth.swift"; sourceTree = "<group>"; };
		B48A12592459C4420036AA88 /* SpaceService.swift */ = {isa = PBXFileReference; lastKnownFileType = sourcecode.swift; path = SpaceService.swift; sourceTree = "<group>"; };
		B48E84BC245866A70001BFCE /* GalleryViewController.swift */ = {isa = PBXFileReference; lastKnownFileType = sourcecode.swift; path = GalleryViewController.swift; sourceTree = "<group>"; };
		B48E84BE245867E30001BFCE /* GalleryImageCell.swift */ = {isa = PBXFileReference; lastKnownFileType = sourcecode.swift; path = GalleryImageCell.swift; sourceTree = "<group>"; };
		B48E84C024586C3B0001BFCE /* GalleryViewModel.swift */ = {isa = PBXFileReference; lastKnownFileType = sourcecode.swift; path = GalleryViewModel.swift; sourceTree = "<group>"; };
		C39AD0A96047AA8E30E95C87 /* Pods-silofit.debug.xcconfig */ = {isa = PBXFileReference; includeInIndex = 1; lastKnownFileType = text.xcconfig; name = "Pods-silofit.debug.xcconfig"; path = "Target Support Files/Pods-silofit/Pods-silofit.debug.xcconfig"; sourceTree = "<group>"; };
		F037964DA48AEFDA3B2BAF7C /* Pods_silofitTests.framework */ = {isa = PBXFileReference; explicitFileType = wrapper.framework; includeInIndex = 0; path = Pods_silofitTests.framework; sourceTree = BUILT_PRODUCTS_DIR; };
		F1AEC4936E74B3C368300BA4 /* Pods-silofitTests.release.xcconfig */ = {isa = PBXFileReference; includeInIndex = 1; lastKnownFileType = text.xcconfig; name = "Pods-silofitTests.release.xcconfig"; path = "Target Support Files/Pods-silofitTests/Pods-silofitTests.release.xcconfig"; sourceTree = "<group>"; };
/* End PBXFileReference section */

/* Begin PBXFrameworksBuildPhase section */
		97E2AAFD24508D4600A3EC25 /* Frameworks */ = {
			isa = PBXFrameworksBuildPhase;
			buildActionMask = 2147483647;
			files = (
				97DCED73245393B800706A91 /* CodableFirebase in Frameworks */,
				97DCED6E24534E2A00706A91 /* SDWebImage in Frameworks */,
				C520B7D72292AC9C3A010C12 /* Pods_silofit.framework in Frameworks */,
			);
			runOnlyForDeploymentPostprocessing = 0;
		};
		97E2AB1324508D4E00A3EC25 /* Frameworks */ = {
			isa = PBXFrameworksBuildPhase;
			buildActionMask = 2147483647;
			files = (
				3719E96E3B3BC022677ABBE2 /* Pods_silofitTests.framework in Frameworks */,
			);
			runOnlyForDeploymentPostprocessing = 0;
		};
/* End PBXFrameworksBuildPhase section */

/* Begin PBXGroup section */
		3420591D621CA92AD9196B8D /* Frameworks */ = {
			isa = PBXGroup;
			children = (
				6920EE4F7F70776CD1360AC1 /* Pods_silofit.framework */,
				F037964DA48AEFDA3B2BAF7C /* Pods_silofitTests.framework */,
			);
			name = Frameworks;
			sourceTree = "<group>";
		};
		7BB369B87C8F60104E11BD60 /* Pods */ = {
			isa = PBXGroup;
			children = (
				C39AD0A96047AA8E30E95C87 /* Pods-silofit.debug.xcconfig */,
				8C6548E19E8DFEF7665C3DC4 /* Pods-silofit.release.xcconfig */,
				5D9E2AD0738BD31A871E597A /* Pods-silofitTests.debug.xcconfig */,
				F1AEC4936E74B3C368300BA4 /* Pods-silofitTests.release.xcconfig */,
			);
			path = Pods;
			sourceTree = "<group>";
		};
		970EB208245212F000AB4940 /* Authentication */ = {
			isa = PBXGroup;
			children = (
				97E2AB0724508D4600A3EC25 /* AuthOptionsViewController.swift */,
				B47718D32459BA3000550671 /* AuthenticationViewController */,
			);
			path = Authentication;
			sourceTree = "<group>";
		};
		97DCED5C2453140C00706A91 /* SpaceListViewController */ = {
			isa = PBXGroup;
			children = (
				97DCED5A245313FF00706A91 /* SpaceListViewController.swift */,
				97DCED5D245315F300706A91 /* SpaceListViewModel.swift */,
				97DCED5F2453214600706A91 /* SpaceListCell.swift */,
			);
			path = SpaceListViewController;
			sourceTree = "<group>";
		};
		97DCED67245324C400706A91 /* Color */ = {
			isa = PBXGroup;
			children = (
				97DCED68245324DD00706A91 /* UIColor+Style.swift */,
				97E2AB3424509BAB00A3EC25 /* StyleColor.swift */,
				97DCED652453247000706A91 /* TextColor.swift */,
			);
			path = Color;
			sourceTree = "<group>";
		};
		97E2AAF724508D4600A3EC25 = {
			isa = PBXGroup;
			children = (
				97E2AB0224508D4600A3EC25 /* silofit */,
				97E2AB1924508D4E00A3EC25 /* silofitTests */,
				97E2AB0124508D4600A3EC25 /* Products */,
				7BB369B87C8F60104E11BD60 /* Pods */,
				3420591D621CA92AD9196B8D /* Frameworks */,
			);
			sourceTree = "<group>";
		};
		97E2AB0124508D4600A3EC25 /* Products */ = {
			isa = PBXGroup;
			children = (
				97E2AB0024508D4600A3EC25 /* Silofit.app */,
				97E2AB1624508D4E00A3EC25 /* silofitTests.xctest */,
			);
			name = Products;
			sourceTree = "<group>";
		};
		97E2AB0224508D4600A3EC25 /* silofit */ = {
			isa = PBXGroup;
			children = (
				97E2AB1124508D4E00A3EC25 /* Info.plist */,
				97E2AB2624508D7F00A3EC25 /* Source */,
				97E2AB2524508D6300A3EC25 /* Resource */,
			);
			path = silofit;
			sourceTree = "<group>";
		};
		97E2AB1924508D4E00A3EC25 /* silofitTests */ = {
			isa = PBXGroup;
			children = (
				97E2AB1A24508D4E00A3EC25 /* silofitTests.swift */,
				97E2AB1C24508D4E00A3EC25 /* Info.plist */,
			);
			path = silofitTests;
			sourceTree = "<group>";
		};
		97E2AB2524508D6300A3EC25 /* Resource */ = {
			isa = PBXGroup;
			children = (
				97E2AB3E2450D14F00A3EC25 /* GoogleService-Info.plist */,
				97E2AB3224509B2500A3EC25 /* Colors.xcassets */,
				97E2AB0C24508D4E00A3EC25 /* Assets.xcassets */,
				97E2AB0E24508D4E00A3EC25 /* LaunchScreen.storyboard */,
			);
			path = Resource;
			sourceTree = "<group>";
		};
		97E2AB2624508D7F00A3EC25 /* Source */ = {
			isa = PBXGroup;
			children = (
				97E2AB0324508D4600A3EC25 /* AppDelegate.swift */,
				97E2AB2824508DF500A3EC25 /* Models */,
				97E2AB292450918600A3EC25 /* Protocols */,
				B47718D42459BAC600550671 /* Service */,
				97E2AB2D2450946300A3EC25 /* Utility */,
				97E2AB2724508DE800A3EC25 /* ViewControlers */,
				97E2AB2C245092F300A3EC25 /* Views */,
			);
			path = Source;
			sourceTree = "<group>";
		};
		97E2AB2724508DE800A3EC25 /* ViewControlers */ = {
			isa = PBXGroup;
			children = (
				97E2AB2A245091B700A3EC25 /* BaseViewController.swift */,
				97E2AB3C2450C2E300A3EC25 /* StyledNavigationController.swift */,
				970EB208245212F000AB4940 /* Authentication */,
				97E2AB4C2451C32C00A3EC25 /* MapViewController */,
				97DCED5C2453140C00706A91 /* SpaceListViewController */,
				B48E84BB2458667E0001BFCE /* GalleryViewController */,
			);
			path = ViewControlers;
			sourceTree = "<group>";
		};
		97E2AB2824508DF500A3EC25 /* Models */ = {
			isa = PBXGroup;
			children = (
				97E2AB402450DBDF00A3EC25 /* Space.swift */,
				97E2AB42245113F700A3EC25 /* Amenity.swift */,
				97E2AB442451142300A3EC25 /* Equipment.swift */,
			);
			path = Models;
			sourceTree = "<group>";
		};
		97E2AB292450918600A3EC25 /* Protocols */ = {
			isa = PBXGroup;
			children = (
				97E2AB512451C7B500A3EC25 /* ViewModelValidation.swift */,
				97E2AB462451148900A3EC25 /* CaseDefaultCodable.swift */,
				97E2AB472451148900A3EC25 /* Identifiable.swift */,
				97DCED6A24532B9300706A91 /* ReusableView.swift */,
			);
			path = Protocols;
			sourceTree = "<group>";
		};
		97E2AB2C245092F300A3EC25 /* Views */ = {
			isa = PBXGroup;
			children = (
				97E2AB302450993F00A3EC25 /* StyledButton.swift */,
				970EB20B245213A900AB4940 /* StyledTextField.swift */,
			);
			path = Views;
			sourceTree = "<group>";
		};
		97E2AB2D2450946300A3EC25 /* Utility */ = {
			isa = PBXGroup;
			children = (
				97DCED6F24534E5200706A91 /* UIImageView+ImageLoading.swift */,
				B414940A245A084200573034 /* AppInfoUtility.swift */,
				97E2AB372450B86B00A3EC25 /* Style */,
			);
			path = Utility;
			sourceTree = "<group>";
		};
		97E2AB372450B86B00A3EC25 /* Style */ = {
			isa = PBXGroup;
			children = (
				97E2AB2E245094B000A3EC25 /* Style.swift */,
				97DCED612453222400706A91 /* StyleFont.swift */,
				97DCED67245324C400706A91 /* Color */,
			);
			path = Style;
			sourceTree = "<group>";
		};
		97E2AB4C2451C32C00A3EC25 /* MapViewController */ = {
			isa = PBXGroup;
			children = (
				97E2AB3A2450B8F700A3EC25 /* MapViewController.swift */,
				97E2AB4F2451C36200A3EC25 /* MapViewModel.swift */,
				97E2AB4D2451C34900A3EC25 /* MapViewController+MKMapViewDelegate.swift */,
				97DCED5824524CE300706A91 /* SpacePointAnnotation.swift */,
			);
			path = MapViewController;
			sourceTree = "<group>";
		};
		B47718D32459BA3000550671 /* AuthenticationViewController */ = {
			isa = PBXGroup;
			children = (
				970EB2092452131400AB4940 /* AuthenticationViewController.swift */,
				B47718D12459BA2800550671 /* AuthenticationViewModel.swift */,
			);
			path = AuthenticationViewController;
			sourceTree = "<group>";
		};
		B47718D42459BAC600550671 /* Service */ = {
			isa = PBXGroup;
			children = (
				B47718D52459BAD400550671 /* Authenticaton */,
				B48A125B2459C45E0036AA88 /* Space */,
			);
			path = Service;
			sourceTree = "<group>";
		};
		B47718D52459BAD400550671 /* Authenticaton */ = {
			isa = PBXGroup;
			children = (
				B47718D62459BAE800550671 /* AuthService.swift */,
				97E2AB382450B88900A3EC25 /* FirebaseAuthService.swift */,
				B47718D82459BC1900550671 /* String+Auth.swift */,
			);
			path = Authenticaton;
			sourceTree = "<group>";
		};
		B48A125B2459C45E0036AA88 /* Space */ = {
			isa = PBXGroup;
			children = (
				B48A12592459C4420036AA88 /* SpaceService.swift */,
				97E2AB4A2451176800A3EC25 /* FirebaseSpaceService.swift */,
			);
			path = Space;
			sourceTree = "<group>";
		};
		B48E84BB2458667E0001BFCE /* GalleryViewController */ = {
			isa = PBXGroup;
			children = (
				B48E84BC245866A70001BFCE /* GalleryViewController.swift */,
				B48E84C024586C3B0001BFCE /* GalleryViewModel.swift */,
				B48E84BE245867E30001BFCE /* GalleryImageCell.swift */,
			);
			path = GalleryViewController;
			sourceTree = "<group>";
		};
/* End PBXGroup section */

/* Begin PBXNativeTarget section */
		97E2AAFF24508D4600A3EC25 /* silofit */ = {
			isa = PBXNativeTarget;
			buildConfigurationList = 97E2AB1F24508D4E00A3EC25 /* Build configuration list for PBXNativeTarget "silofit" */;
			buildPhases = (
				B5800ABAF3BE75EF2EA076A4 /* [CP] Check Pods Manifest.lock */,
				97E2AAFC24508D4600A3EC25 /* Sources */,
				97E2AAFD24508D4600A3EC25 /* Frameworks */,
				97E2AAFE24508D4600A3EC25 /* Resources */,
				254374A011F0EF5B8AFC2923 /* [CP] Embed Pods Frameworks */,
			);
			buildRules = (
			);
			dependencies = (
			);
			name = silofit;
			packageProductDependencies = (
				97DCED6D24534E2A00706A91 /* SDWebImage */,
				97DCED72245393B800706A91 /* CodableFirebase */,
			);
			productName = silofit;
			productReference = 97E2AB0024508D4600A3EC25 /* Silofit.app */;
			productType = "com.apple.product-type.application";
		};
		97E2AB1524508D4E00A3EC25 /* silofitTests */ = {
			isa = PBXNativeTarget;
			buildConfigurationList = 97E2AB2224508D4E00A3EC25 /* Build configuration list for PBXNativeTarget "silofitTests" */;
			buildPhases = (
				B84BA019183A2160778A278A /* [CP] Check Pods Manifest.lock */,
				97E2AB1224508D4E00A3EC25 /* Sources */,
				97E2AB1324508D4E00A3EC25 /* Frameworks */,
				97E2AB1424508D4E00A3EC25 /* Resources */,
			);
			buildRules = (
			);
			dependencies = (
				97E2AB1824508D4E00A3EC25 /* PBXTargetDependency */,
			);
			name = silofitTests;
			productName = silofitTests;
			productReference = 97E2AB1624508D4E00A3EC25 /* silofitTests.xctest */;
			productType = "com.apple.product-type.bundle.unit-test";
		};
/* End PBXNativeTarget section */

/* Begin PBXProject section */
		97E2AAF824508D4600A3EC25 /* Project object */ = {
			isa = PBXProject;
			attributes = {
				LastSwiftUpdateCheck = 1140;
				LastUpgradeCheck = 1140;
				ORGANIZATIONNAME = "Rifeng Ding";
				TargetAttributes = {
					97E2AAFF24508D4600A3EC25 = {
						CreatedOnToolsVersion = 11.4.1;
					};
					97E2AB1524508D4E00A3EC25 = {
						CreatedOnToolsVersion = 11.4.1;
						TestTargetID = 97E2AAFF24508D4600A3EC25;
					};
				};
			};
			buildConfigurationList = 97E2AAFB24508D4600A3EC25 /* Build configuration list for PBXProject "silofit" */;
			compatibilityVersion = "Xcode 9.3";
			developmentRegion = en;
			hasScannedForEncodings = 0;
			knownRegions = (
				en,
				Base,
			);
			mainGroup = 97E2AAF724508D4600A3EC25;
			packageReferences = (
				97DCED6C24534E2A00706A91 /* XCRemoteSwiftPackageReference "SDWebImage" */,
				97DCED71245393B700706A91 /* XCRemoteSwiftPackageReference "CodableFirebase" */,
			);
			productRefGroup = 97E2AB0124508D4600A3EC25 /* Products */;
			projectDirPath = "";
			projectRoot = "";
			targets = (
				97E2AAFF24508D4600A3EC25 /* silofit */,
				97E2AB1524508D4E00A3EC25 /* silofitTests */,
			);
		};
/* End PBXProject section */

/* Begin PBXResourcesBuildPhase section */
		97E2AAFE24508D4600A3EC25 /* Resources */ = {
			isa = PBXResourcesBuildPhase;
			buildActionMask = 2147483647;
			files = (
				97E2AB3324509B2500A3EC25 /* Colors.xcassets in Resources */,
				97E2AB3F2450D14F00A3EC25 /* GoogleService-Info.plist in Resources */,
				97E2AB1024508D4E00A3EC25 /* LaunchScreen.storyboard in Resources */,
				97E2AB0D24508D4E00A3EC25 /* Assets.xcassets in Resources */,
			);
			runOnlyForDeploymentPostprocessing = 0;
		};
		97E2AB1424508D4E00A3EC25 /* Resources */ = {
			isa = PBXResourcesBuildPhase;
			buildActionMask = 2147483647;
			files = (
			);
			runOnlyForDeploymentPostprocessing = 0;
		};
/* End PBXResourcesBuildPhase section */

/* Begin PBXShellScriptBuildPhase section */
		254374A011F0EF5B8AFC2923 /* [CP] Embed Pods Frameworks */ = {
			isa = PBXShellScriptBuildPhase;
			buildActionMask = 2147483647;
			files = (
			);
			inputFileListPaths = (
				"${PODS_ROOT}/Target Support Files/Pods-silofit/Pods-silofit-frameworks-${CONFIGURATION}-input-files.xcfilelist",
			);
			name = "[CP] Embed Pods Frameworks";
			outputFileListPaths = (
				"${PODS_ROOT}/Target Support Files/Pods-silofit/Pods-silofit-frameworks-${CONFIGURATION}-output-files.xcfilelist",
			);
			runOnlyForDeploymentPostprocessing = 0;
			shellPath = /bin/sh;
			shellScript = "\"${PODS_ROOT}/Target Support Files/Pods-silofit/Pods-silofit-frameworks.sh\"\n";
			showEnvVarsInLog = 0;
		};
		B5800ABAF3BE75EF2EA076A4 /* [CP] Check Pods Manifest.lock */ = {
			isa = PBXShellScriptBuildPhase;
			buildActionMask = 2147483647;
			files = (
			);
			inputFileListPaths = (
			);
			inputPaths = (
				"${PODS_PODFILE_DIR_PATH}/Podfile.lock",
				"${PODS_ROOT}/Manifest.lock",
			);
			name = "[CP] Check Pods Manifest.lock";
			outputFileListPaths = (
			);
			outputPaths = (
				"$(DERIVED_FILE_DIR)/Pods-silofit-checkManifestLockResult.txt",
			);
			runOnlyForDeploymentPostprocessing = 0;
			shellPath = /bin/sh;
			shellScript = "diff \"${PODS_PODFILE_DIR_PATH}/Podfile.lock\" \"${PODS_ROOT}/Manifest.lock\" > /dev/null\nif [ $? != 0 ] ; then\n    # print error to STDERR\n    echo \"error: The sandbox is not in sync with the Podfile.lock. Run 'pod install' or update your CocoaPods installation.\" >&2\n    exit 1\nfi\n# This output is used by Xcode 'outputs' to avoid re-running this script phase.\necho \"SUCCESS\" > \"${SCRIPT_OUTPUT_FILE_0}\"\n";
			showEnvVarsInLog = 0;
		};
		B84BA019183A2160778A278A /* [CP] Check Pods Manifest.lock */ = {
			isa = PBXShellScriptBuildPhase;
			buildActionMask = 2147483647;
			files = (
			);
			inputFileListPaths = (
			);
			inputPaths = (
				"${PODS_PODFILE_DIR_PATH}/Podfile.lock",
				"${PODS_ROOT}/Manifest.lock",
			);
			name = "[CP] Check Pods Manifest.lock";
			outputFileListPaths = (
			);
			outputPaths = (
				"$(DERIVED_FILE_DIR)/Pods-silofitTests-checkManifestLockResult.txt",
			);
			runOnlyForDeploymentPostprocessing = 0;
			shellPath = /bin/sh;
			shellScript = "diff \"${PODS_PODFILE_DIR_PATH}/Podfile.lock\" \"${PODS_ROOT}/Manifest.lock\" > /dev/null\nif [ $? != 0 ] ; then\n    # print error to STDERR\n    echo \"error: The sandbox is not in sync with the Podfile.lock. Run 'pod install' or update your CocoaPods installation.\" >&2\n    exit 1\nfi\n# This output is used by Xcode 'outputs' to avoid re-running this script phase.\necho \"SUCCESS\" > \"${SCRIPT_OUTPUT_FILE_0}\"\n";
			showEnvVarsInLog = 0;
		};
/* End PBXShellScriptBuildPhase section */

/* Begin PBXSourcesBuildPhase section */
		97E2AAFC24508D4600A3EC25 /* Sources */ = {
			isa = PBXSourcesBuildPhase;
			buildActionMask = 2147483647;
			files = (
				97E2AB412450DBDF00A3EC25 /* Space.swift in Sources */,
				97E2AB3524509BAB00A3EC25 /* StyleColor.swift in Sources */,
				97E2AB452451142300A3EC25 /* Equipment.swift in Sources */,
				97DCED7024534E5200706A91 /* UIImageView+ImageLoading.swift in Sources */,
				97E2AB2F245094B000A3EC25 /* Style.swift in Sources */,
				97DCED662453247000706A91 /* TextColor.swift in Sources */,
				97E2AB392450B88900A3EC25 /* FirebaseAuthService.swift in Sources */,
				97E2AB522451C7B500A3EC25 /* ViewModelValidation.swift in Sources */,
				97E2AB43245113F700A3EC25 /* Amenity.swift in Sources */,
				97DCED5B245313FF00706A91 /* SpaceListViewController.swift in Sources */,
				97E2AB0824508D4600A3EC25 /* AuthOptionsViewController.swift in Sources */,
				97E2AB3D2450C2E300A3EC25 /* StyledNavigationController.swift in Sources */,
				97E2AB4E2451C34900A3EC25 /* MapViewController+MKMapViewDelegate.swift in Sources */,
				B47718D72459BAE800550671 /* AuthService.swift in Sources */,
				B48E84C124586C3B0001BFCE /* GalleryViewModel.swift in Sources */,
				97E2AB312450993F00A3EC25 /* StyledButton.swift in Sources */,
				B47718D22459BA2800550671 /* AuthenticationViewModel.swift in Sources */,
				97E2AB482451148900A3EC25 /* CaseDefaultCodable.swift in Sources */,
				B414940B245A084200573034 /* AppInfoUtility.swift in Sources */,
				97DCED622453222400706A91 /* StyleFont.swift in Sources */,
				97E2AB0424508D4600A3EC25 /* AppDelegate.swift in Sources */,
				97E2AB4B2451176800A3EC25 /* FirebaseSpaceService.swift in Sources */,
				97E2AB492451148900A3EC25 /* Identifiable.swift in Sources */,
				97DCED69245324DD00706A91 /* UIColor+Style.swift in Sources */,
				97DCED6B24532B9300706A91 /* ReusableView.swift in Sources */,
				970EB20A2452131400AB4940 /* AuthenticationViewController.swift in Sources */,
				B47718D92459BC1900550671 /* String+Auth.swift in Sources */,
				97E2AB502451C36200A3EC25 /* MapViewModel.swift in Sources */,
				B48E84BF245867E30001BFCE /* GalleryImageCell.swift in Sources */,
				97E2AB2B245091B700A3EC25 /* BaseViewController.swift in Sources */,
				97DCED5E245315F300706A91 /* SpaceListViewModel.swift in Sources */,
				970EB20C245213A900AB4940 /* StyledTextField.swift in Sources */,
				97E2AB3B2450B8F700A3EC25 /* MapViewController.swift in Sources */,
				B48E84BD245866A70001BFCE /* GalleryViewController.swift in Sources */,
				97DCED602453214600706A91 /* SpaceListCell.swift in Sources */,
				B48A125A2459C4420036AA88 /* SpaceService.swift in Sources */,
				97DCED5924524CE300706A91 /* SpacePointAnnotation.swift in Sources */,
			);
			runOnlyForDeploymentPostprocessing = 0;
		};
		97E2AB1224508D4E00A3EC25 /* Sources */ = {
			isa = PBXSourcesBuildPhase;
			buildActionMask = 2147483647;
			files = (
				97E2AB1B24508D4E00A3EC25 /* silofitTests.swift in Sources */,
			);
			runOnlyForDeploymentPostprocessing = 0;
		};
/* End PBXSourcesBuildPhase section */

/* Begin PBXTargetDependency section */
		97E2AB1824508D4E00A3EC25 /* PBXTargetDependency */ = {
			isa = PBXTargetDependency;
			target = 97E2AAFF24508D4600A3EC25 /* silofit */;
			targetProxy = 97E2AB1724508D4E00A3EC25 /* PBXContainerItemProxy */;
		};
/* End PBXTargetDependency section */

/* Begin PBXVariantGroup section */
		97E2AB0E24508D4E00A3EC25 /* LaunchScreen.storyboard */ = {
			isa = PBXVariantGroup;
			children = (
				97E2AB0F24508D4E00A3EC25 /* Base */,
			);
			name = LaunchScreen.storyboard;
			sourceTree = "<group>";
		};
/* End PBXVariantGroup section */

/* Begin XCBuildConfiguration section */
		97E2AB1D24508D4E00A3EC25 /* Debug */ = {
			isa = XCBuildConfiguration;
			buildSettings = {
				ALWAYS_SEARCH_USER_PATHS = NO;
				CLANG_ANALYZER_NONNULL = YES;
				CLANG_ANALYZER_NUMBER_OBJECT_CONVERSION = YES_AGGRESSIVE;
				CLANG_CXX_LANGUAGE_STANDARD = "gnu++14";
				CLANG_CXX_LIBRARY = "libc++";
				CLANG_ENABLE_MODULES = YES;
				CLANG_ENABLE_OBJC_ARC = YES;
				CLANG_ENABLE_OBJC_WEAK = YES;
				CLANG_WARN_BLOCK_CAPTURE_AUTORELEASING = YES;
				CLANG_WARN_BOOL_CONVERSION = YES;
				CLANG_WARN_COMMA = YES;
				CLANG_WARN_CONSTANT_CONVERSION = YES;
				CLANG_WARN_DEPRECATED_OBJC_IMPLEMENTATIONS = YES;
				CLANG_WARN_DIRECT_OBJC_ISA_USAGE = YES_ERROR;
				CLANG_WARN_DOCUMENTATION_COMMENTS = YES;
				CLANG_WARN_EMPTY_BODY = YES;
				CLANG_WARN_ENUM_CONVERSION = YES;
				CLANG_WARN_INFINITE_RECURSION = YES;
				CLANG_WARN_INT_CONVERSION = YES;
				CLANG_WARN_NON_LITERAL_NULL_CONVERSION = YES;
				CLANG_WARN_OBJC_IMPLICIT_RETAIN_SELF = YES;
				CLANG_WARN_OBJC_LITERAL_CONVERSION = YES;
				CLANG_WARN_OBJC_ROOT_CLASS = YES_ERROR;
				CLANG_WARN_RANGE_LOOP_ANALYSIS = YES;
				CLANG_WARN_STRICT_PROTOTYPES = YES;
				CLANG_WARN_SUSPICIOUS_MOVE = YES;
				CLANG_WARN_UNGUARDED_AVAILABILITY = YES_AGGRESSIVE;
				CLANG_WARN_UNREACHABLE_CODE = YES;
				CLANG_WARN__DUPLICATE_METHOD_MATCH = YES;
				COPY_PHASE_STRIP = NO;
				DEBUG_INFORMATION_FORMAT = dwarf;
				ENABLE_STRICT_OBJC_MSGSEND = YES;
				ENABLE_TESTABILITY = YES;
				GCC_C_LANGUAGE_STANDARD = gnu11;
				GCC_DYNAMIC_NO_PIC = NO;
				GCC_NO_COMMON_BLOCKS = YES;
				GCC_OPTIMIZATION_LEVEL = 0;
				GCC_PREPROCESSOR_DEFINITIONS = (
					"DEBUG=1",
					"$(inherited)",
				);
				GCC_WARN_64_TO_32_BIT_CONVERSION = YES;
				GCC_WARN_ABOUT_RETURN_TYPE = YES_ERROR;
				GCC_WARN_UNDECLARED_SELECTOR = YES;
				GCC_WARN_UNINITIALIZED_AUTOS = YES_AGGRESSIVE;
				GCC_WARN_UNUSED_FUNCTION = YES;
				GCC_WARN_UNUSED_VARIABLE = YES;
				IPHONEOS_DEPLOYMENT_TARGET = 13.4;
				MTL_ENABLE_DEBUG_INFO = INCLUDE_SOURCE;
				MTL_FAST_MATH = YES;
				ONLY_ACTIVE_ARCH = YES;
				SDKROOT = iphoneos;
				SWIFT_ACTIVE_COMPILATION_CONDITIONS = DEBUG;
				SWIFT_OPTIMIZATION_LEVEL = "-Onone";
			};
			name = Debug;
		};
		97E2AB1E24508D4E00A3EC25 /* Release */ = {
			isa = XCBuildConfiguration;
			buildSettings = {
				ALWAYS_SEARCH_USER_PATHS = NO;
				CLANG_ANALYZER_NONNULL = YES;
				CLANG_ANALYZER_NUMBER_OBJECT_CONVERSION = YES_AGGRESSIVE;
				CLANG_CXX_LANGUAGE_STANDARD = "gnu++14";
				CLANG_CXX_LIBRARY = "libc++";
				CLANG_ENABLE_MODULES = YES;
				CLANG_ENABLE_OBJC_ARC = YES;
				CLANG_ENABLE_OBJC_WEAK = YES;
				CLANG_WARN_BLOCK_CAPTURE_AUTORELEASING = YES;
				CLANG_WARN_BOOL_CONVERSION = YES;
				CLANG_WARN_COMMA = YES;
				CLANG_WARN_CONSTANT_CONVERSION = YES;
				CLANG_WARN_DEPRECATED_OBJC_IMPLEMENTATIONS = YES;
				CLANG_WARN_DIRECT_OBJC_ISA_USAGE = YES_ERROR;
				CLANG_WARN_DOCUMENTATION_COMMENTS = YES;
				CLANG_WARN_EMPTY_BODY = YES;
				CLANG_WARN_ENUM_CONVERSION = YES;
				CLANG_WARN_INFINITE_RECURSION = YES;
				CLANG_WARN_INT_CONVERSION = YES;
				CLANG_WARN_NON_LITERAL_NULL_CONVERSION = YES;
				CLANG_WARN_OBJC_IMPLICIT_RETAIN_SELF = YES;
				CLANG_WARN_OBJC_LITERAL_CONVERSION = YES;
				CLANG_WARN_OBJC_ROOT_CLASS = YES_ERROR;
				CLANG_WARN_RANGE_LOOP_ANALYSIS = YES;
				CLANG_WARN_STRICT_PROTOTYPES = YES;
				CLANG_WARN_SUSPICIOUS_MOVE = YES;
				CLANG_WARN_UNGUARDED_AVAILABILITY = YES_AGGRESSIVE;
				CLANG_WARN_UNREACHABLE_CODE = YES;
				CLANG_WARN__DUPLICATE_METHOD_MATCH = YES;
				COPY_PHASE_STRIP = NO;
				DEBUG_INFORMATION_FORMAT = "dwarf-with-dsym";
				ENABLE_NS_ASSERTIONS = NO;
				ENABLE_STRICT_OBJC_MSGSEND = YES;
				GCC_C_LANGUAGE_STANDARD = gnu11;
				GCC_NO_COMMON_BLOCKS = YES;
				GCC_WARN_64_TO_32_BIT_CONVERSION = YES;
				GCC_WARN_ABOUT_RETURN_TYPE = YES_ERROR;
				GCC_WARN_UNDECLARED_SELECTOR = YES;
				GCC_WARN_UNINITIALIZED_AUTOS = YES_AGGRESSIVE;
				GCC_WARN_UNUSED_FUNCTION = YES;
				GCC_WARN_UNUSED_VARIABLE = YES;
				IPHONEOS_DEPLOYMENT_TARGET = 13.4;
				MTL_ENABLE_DEBUG_INFO = NO;
				MTL_FAST_MATH = YES;
				SDKROOT = iphoneos;
				SWIFT_COMPILATION_MODE = wholemodule;
				SWIFT_OPTIMIZATION_LEVEL = "-O";
				VALIDATE_PRODUCT = YES;
			};
			name = Release;
		};
		97E2AB2024508D4E00A3EC25 /* Debug */ = {
			isa = XCBuildConfiguration;
			baseConfigurationReference = C39AD0A96047AA8E30E95C87 /* Pods-silofit.debug.xcconfig */;
			buildSettings = {
				ASSETCATALOG_COMPILER_APPICON_NAME = AppIcon;
				CODE_SIGN_IDENTITY = "iPhone Developer";
				CODE_SIGN_STYLE = Manual;
				DEVELOPMENT_TEAM = 4FVQPRS8SG;
				INFOPLIST_FILE = silofit/Info.plist;
				IPHONEOS_DEPLOYMENT_TARGET = 11.0;
				LD_RUNPATH_SEARCH_PATHS = (
					"$(inherited)",
					"@executable_path/Frameworks",
				);
				PRODUCT_BUNDLE_IDENTIFIER = "com.rifeng-ding.silofit";
				PRODUCT_NAME = Silofit;
				PROVISIONING_PROFILE_SPECIFIER = "Development Wildcard";
				SWIFT_VERSION = 5.0;
				TARGETED_DEVICE_FAMILY = 1;
			};
			name = Debug;
		};
		97E2AB2124508D4E00A3EC25 /* Release */ = {
			isa = XCBuildConfiguration;
			baseConfigurationReference = 8C6548E19E8DFEF7665C3DC4 /* Pods-silofit.release.xcconfig */;
			buildSettings = {
				ASSETCATALOG_COMPILER_APPICON_NAME = AppIcon;
				CODE_SIGN_IDENTITY = "iPhone Developer";
				CODE_SIGN_STYLE = Manual;
				DEVELOPMENT_TEAM = 4FVQPRS8SG;
				INFOPLIST_FILE = silofit/Info.plist;
				IPHONEOS_DEPLOYMENT_TARGET = 11.0;
				LD_RUNPATH_SEARCH_PATHS = (
					"$(inherited)",
					"@executable_path/Frameworks",
				);
				PRODUCT_BUNDLE_IDENTIFIER = "com.rifeng-ding.silofit";
				PRODUCT_NAME = Silofit;
				PROVISIONING_PROFILE_SPECIFIER = "Development Wildcard";
				SWIFT_VERSION = 5.0;
				TARGETED_DEVICE_FAMILY = 1;
			};
			name = Release;
		};
		97E2AB2324508D4E00A3EC25 /* Debug */ = {
			isa = XCBuildConfiguration;
			baseConfigurationReference = 5D9E2AD0738BD31A871E597A /* Pods-silofitTests.debug.xcconfig */;
			buildSettings = {
				ALWAYS_EMBED_SWIFT_STANDARD_LIBRARIES = YES;
				BUNDLE_LOADER = "$(TEST_HOST)";
				CODE_SIGN_STYLE = Automatic;
				INFOPLIST_FILE = silofitTests/Info.plist;
				IPHONEOS_DEPLOYMENT_TARGET = 13.4;
				LD_RUNPATH_SEARCH_PATHS = (
					"$(inherited)",
					"@executable_path/Frameworks",
					"@loader_path/Frameworks",
				);
				PRODUCT_BUNDLE_IDENTIFIER = com.wfh.silofitTests;
				PRODUCT_NAME = "$(TARGET_NAME)";
				SWIFT_VERSION = 5.0;
				TARGETED_DEVICE_FAMILY = "1,2";
				TEST_HOST = "$(BUILT_PRODUCTS_DIR)/silofit.app/silofit";
			};
			name = Debug;
		};
		97E2AB2424508D4E00A3EC25 /* Release */ = {
			isa = XCBuildConfiguration;
			baseConfigurationReference = F1AEC4936E74B3C368300BA4 /* Pods-silofitTests.release.xcconfig */;
			buildSettings = {
				ALWAYS_EMBED_SWIFT_STANDARD_LIBRARIES = YES;
				BUNDLE_LOADER = "$(TEST_HOST)";
				CODE_SIGN_STYLE = Automatic;
				INFOPLIST_FILE = silofitTests/Info.plist;
				IPHONEOS_DEPLOYMENT_TARGET = 13.4;
				LD_RUNPATH_SEARCH_PATHS = (
					"$(inherited)",
					"@executable_path/Frameworks",
					"@loader_path/Frameworks",
				);
				PRODUCT_BUNDLE_IDENTIFIER = com.wfh.silofitTests;
				PRODUCT_NAME = "$(TARGET_NAME)";
				SWIFT_VERSION = 5.0;
				TARGETED_DEVICE_FAMILY = "1,2";
				TEST_HOST = "$(BUILT_PRODUCTS_DIR)/silofit.app/silofit";
			};
			name = Release;
		};
/* End XCBuildConfiguration section */

/* Begin XCConfigurationList section */
		97E2AAFB24508D4600A3EC25 /* Build configuration list for PBXProject "silofit" */ = {
			isa = XCConfigurationList;
			buildConfigurations = (
				97E2AB1D24508D4E00A3EC25 /* Debug */,
				97E2AB1E24508D4E00A3EC25 /* Release */,
			);
			defaultConfigurationIsVisible = 0;
			defaultConfigurationName = Release;
		};
		97E2AB1F24508D4E00A3EC25 /* Build configuration list for PBXNativeTarget "silofit" */ = {
			isa = XCConfigurationList;
			buildConfigurations = (
				97E2AB2024508D4E00A3EC25 /* Debug */,
				97E2AB2124508D4E00A3EC25 /* Release */,
			);
			defaultConfigurationIsVisible = 0;
			defaultConfigurationName = Release;
		};
		97E2AB2224508D4E00A3EC25 /* Build configuration list for PBXNativeTarget "silofitTests" */ = {
			isa = XCConfigurationList;
			buildConfigurations = (
				97E2AB2324508D4E00A3EC25 /* Debug */,
				97E2AB2424508D4E00A3EC25 /* Release */,
			);
			defaultConfigurationIsVisible = 0;
			defaultConfigurationName = Release;
		};
/* End XCConfigurationList section */

/* Begin XCRemoteSwiftPackageReference section */
		97DCED6C24534E2A00706A91 /* XCRemoteSwiftPackageReference "SDWebImage" */ = {
			isa = XCRemoteSwiftPackageReference;
			repositoryURL = "https://github.com/SDWebImage/SDWebImage.git";
			requirement = {
				kind = upToNextMinorVersion;
				minimumVersion = 5.7.3;
			};
		};
		97DCED71245393B700706A91 /* XCRemoteSwiftPackageReference "CodableFirebase" */ = {
			isa = XCRemoteSwiftPackageReference;
			repositoryURL = "https://github.com/alickbass/CodableFirebase.git";
			requirement = {
				kind = upToNextMinorVersion;
				minimumVersion = 0.2.2;
			};
		};
/* End XCRemoteSwiftPackageReference section */

/* Begin XCSwiftPackageProductDependency section */
		97DCED6D24534E2A00706A91 /* SDWebImage */ = {
			isa = XCSwiftPackageProductDependency;
			package = 97DCED6C24534E2A00706A91 /* XCRemoteSwiftPackageReference "SDWebImage" */;
			productName = SDWebImage;
		};
		97DCED72245393B800706A91 /* CodableFirebase */ = {
			isa = XCSwiftPackageProductDependency;
			package = 97DCED71245393B700706A91 /* XCRemoteSwiftPackageReference "CodableFirebase" */;
			productName = CodableFirebase;
		};
/* End XCSwiftPackageProductDependency section */
	};
	rootObject = 97E2AAF824508D4600A3EC25 /* Project object */;
}
